{
  "version": 4,
  "terraform_version": "1.5.7",
  "serial": 55,
  "lineage": "b1066d8b-5173-6d0d-16fb-dea48e77f68b",
  "outputs": {
    "droplet": {
      "value": {
        "domain": "do:domain:nesssna.org",
        "public_ip": "64.225.18.250",
        "static_ip": "174.138.119.171"
      },
      "type": [
        "object",
        {
          "domain": "string",
          "public_ip": "string",
          "static_ip": "string"
        }
      ]
    }
  },
  "resources": [
    {
      "mode": "data",
      "type": "digitalocean_domain",
      "name": "nesssna",
      "provider": "provider[\"registry.terraform.io/digitalocean/digitalocean\"]",
      "instances": [
        {
          "schema_version": 0,
          "attributes": {
            "id": "nesssna.org",
            "name": "nesssna.org",
            "ttl": 1800,
            "urn": "do:domain:nesssna.org",
            "zone_file": "$ORIGIN nesssna.org.\n$TTL 1800\nnesssna.org. IN SOA ns1.digitalocean.com. hostmaster.nesssna.org. 1694995470 10800 3600 604800 1800\nnesssna.org. 1800 IN NS ns1.digitalocean.com.\nnesssna.org. 1800 IN NS ns2.digitalocean.com.\nnesssna.org. 1800 IN NS ns3.digitalocean.com.\nnesssna.org. 3600 IN TXT google-site-verification=xB7fdSAoUS4YBxAiHwjk-yu5RSbM1LqcMH28TIrvSBE\nnesssna.org. 1800 IN MX 1 aspmx.l.google.com.\nnesssna.org. 1800 IN MX 5 alt1.aspmx.l.google.com.\nnesssna.org. 1800 IN MX 5 alt2.aspmx.l.google.com.\nnesssna.org. 1800 IN MX 10 alt3.aspmx.l.google.com.\nnesssna.org. 1800 IN MX 10 alt4.aspmx.l.google.com.\nnesssna.org. 60 IN A 174.138.119.171\nwww.nesssna.org. 60 IN A 174.138.119.171\nem4712.mail.nesssna.org. 43200 IN CNAME u27140007.wl008.sendgrid.net.\ns1._domainkey.mail.nesssna.org. 43200 IN CNAME s1.domainkey.u27140007.wl008.sendgrid.net.\ns2._domainkey.mail.nesssna.org. 43200 IN CNAME s2.domainkey.u27140007.wl008.sendgrid.net.\nem1604.nesssna.org. 43200 IN CNAME u27140007.wl008.sendgrid.net.\n"
          },
          "sensitive_attributes": []
        }
      ]
    },
    {
      "mode": "managed",
      "type": "digitalocean_droplet",
      "name": "nesssna",
      "provider": "provider[\"registry.terraform.io/digitalocean/digitalocean\"]",
      "instances": [
        {
          "schema_version": 1,
          "attributes": {
            "backups": true,
            "created_at": "2023-09-18T00:01:46Z",
            "disk": 25,
            "droplet_agent": null,
            "graceful_shutdown": false,
            "id": "375217093",
            "image": "wordpress-20-04",
            "ipv4_address": "64.225.18.250",
            "ipv4_address_private": "10.108.0.2",
            "ipv6": false,
            "ipv6_address": "",
            "locked": false,
            "memory": 1024,
            "monitoring": false,
            "name": "nesssna-webserver-nyc3",
            "price_hourly": 0.01042,
            "price_monthly": 7,
            "private_networking": true,
            "region": "nyc3",
            "resize_disk": true,
            "size": "s-1vcpu-1gb-intel",
            "ssh_keys": [
              "25669899",
              "25670813",
              "39430344"
            ],
            "status": "active",
            "tags": [],
            "timeouts": null,
            "urn": "do:droplet:375217093",
            "user_data": null,
            "vcpus": 1,
            "volume_ids": [],
            "vpc_uuid": "e7e2764b-4966-4ee5-b482-c0c9681e014f"
          },
          "sensitive_attributes": [],
          "private": "eyJlMmJmYjczMC1lY2FhLTExZTYtOGY4OC0zNDM2M2JjN2M0YzAiOnsiY3JlYXRlIjozNjAwMDAwMDAwMDAwLCJkZWxldGUiOjYwMDAwMDAwMDAwLCJ1cGRhdGUiOjM2MDAwMDAwMDAwMDB9LCJzY2hlbWFfdmVyc2lvbiI6IjEifQ=="
        }
      ]
    },
    {
      "mode": "managed",
      "type": "digitalocean_floating_ip",
      "name": "nesssna",
      "provider": "provider[\"registry.terraform.io/digitalocean/digitalocean\"]",
      "instances": [
        {
          "schema_version": 0,
          "attributes": {
            "droplet_id": null,
            "id": "174.138.119.171",
            "ip_address": "174.138.119.171",
            "region": "nyc3",
            "urn": "do:floatingip:174.138.119.171"
          },
          "sensitive_attributes": [],
          "private": "bnVsbA==",
          "dependencies": [
            "digitalocean_droplet.nesssna"
          ]
        }
      ]
    },
    {
      "mode": "managed",
      "type": "digitalocean_floating_ip_assignment",
      "name": "nesssna",
      "provider": "provider[\"registry.terraform.io/digitalocean/digitalocean\"]",
      "instances": [
        {
          "schema_version": 0,
          "attributes": {
            "droplet_id": 375217093,
            "id": "375217093-174.138.119.171-20230918000238532600000001",
            "ip_address": "174.138.119.171"
          },
          "sensitive_attributes": [],
          "private": "bnVsbA==",
          "dependencies": [
            "digitalocean_droplet.nesssna",
            "digitalocean_floating_ip.nesssna"
          ]
        }
      ]
    },
    {
      "mode": "managed",
      "type": "digitalocean_record",
      "name": "nesssna",
      "provider": "provider[\"registry.terraform.io/digitalocean/digitalocean\"]",
      "instances": [
        {
          "schema_version": 0,
          "attributes": {
            "domain": "nesssna.org",
            "flags": 0,
            "fqdn": "nesssna.org",
            "id": "81815413",
            "name": "@",
            "port": 0,
            "priority": 0,
            "tag": "",
            "ttl": 60,
            "type": "A",
            "value": "174.138.119.171",
            "weight": 0
          },
          "sensitive_attributes": [],
          "private": "bnVsbA==",
          "dependencies": [
            "digitalocean_droplet.nesssna",
            "digitalocean_floating_ip.nesssna"
          ]
        }
      ]
    },
    {
      "mode": "managed",
      "type": "digitalocean_record",
      "name": "www",
      "provider": "provider[\"registry.terraform.io/digitalocean/digitalocean\"]",
      "instances": [
        {
          "schema_version": 0,
          "attributes": {
            "domain": "nesssna.org",
            "flags": 0,
            "fqdn": "www.nesssna.org",
            "id": "81815414",
            "name": "www",
            "port": 0,
            "priority": 0,
            "tag": "",
            "ttl": 60,
            "type": "A",
            "value": "174.138.119.171",
            "weight": 0
          },
          "sensitive_attributes": [],
          "private": "bnVsbA==",
          "dependencies": [
            "digitalocean_droplet.nesssna",
            "digitalocean_floating_ip.nesssna"
          ]
        }
      ]
    }
  ],
  "check_results": null
}
